
Microsoft Visual Studio Solution File, Format Version 12.00
# Visual Studio Version 17
VisualStudioVersion = 17.10.35027.167
MinimumVisualStudioVersion = 10.0.40219.1
Project("{FAE04EC0-301F-11D3-BF4B-00C04F79EFBC}") = "KB13893_IgbGrid_SelectRow", "KB13893_IgbGrid_SelectRow.csproj", "{7FB1E59E-184F-414A-9C0E-EC5AD4F3FF5A}"
EndProject
Global
	GlobalSection(SolutionConfigurationPlatforms) = preSolution
		Debug|Any CPU = Debug|Any CPU
		Release|Any CPU = Release|Any CPU
	EndGlobalSection
	GlobalSection(ProjectConfigurationPlatforms) = postSolution
		{7FB1E59E-184F-414A-9C0E-EC5AD4F3FF5A}.Debug|Any CPU.ActiveCfg = Debug|Any CPU
		{7FB1E59E-184F-414A-9C0E-EC5AD4F3FF5A}.Debug|Any CPU.Build.0 = Debug|Any CPU
		{7FB1E59E-184F-414A-9C0E-EC5AD4F3FF5A}.Release|Any CPU.ActiveCfg = Release|Any CPU
		{7FB1E59E-184F-414A-9C0E-EC5AD4F3FF5A}.Release|Any CPU.Build.0 = Release|Any CPU
	EndGlobalSection
	GlobalSection(SolutionProperties) = preSolution
		HideSolutionNode = FALSE
	EndGlobalSection
	GlobalSection(ExtensibilityGlobals) = postSolution
		SolutionGuid = {7C91E897-FE9A-433C-95F0-6EAFB8B78A8A}
	EndGlobalSection
EndGlobal
